
Microsoft Visual Studio Solution File, Format Version 12.00
# Visual Studio Version 17
VisualStudioVersion = 17.6.33815.320
MinimumVisualStudioVersion = 10.0.40219.1
Project("{FAE04EC0-301F-11D3-BF4B-00C04F79EFBC}") = "DependencyInjectionExample", "DependencyInjectionExample.csproj", "{338EF2BB-7CDD-49CF-902C-56CD2443C254}"
EndProject
Global
	GlobalSection(SolutionConfigurationPlatforms) = preSolution
		Debug|Any CPU = Debug|Any CPU
		Release|Any CPU = Release|Any CPU
	EndGlobalSection
	GlobalSection(ProjectConfigurationPlatforms) = postSolution
		{338EF2BB-7CDD-49CF-902C-56CD2443C254}.Debug|Any CPU.ActiveCfg = Debug|Any CPU
		{338EF2BB-7CDD-49CF-902C-56CD2443C254}.Debug|Any CPU.Build.0 = Debug|Any CPU
		{338EF2BB-7CDD-49CF-902C-56CD2443C254}.Release|Any CPU.ActiveCfg = Release|Any CPU
		{338EF2BB-7CDD-49CF-902C-56CD2443C254}.Release|Any CPU.Build.0 = Release|Any CPU
	EndGlobalSection
	GlobalSection(SolutionProperties) = preSolution
		HideSolutionNode = FALSE
	EndGlobalSection
	GlobalSection(ExtensibilityGlobals) = postSolution
		SolutionGuid = {4EE6A23B-64D7-4A68-B348-B4706D53AA37}
	EndGlobalSection
EndGlobal
